
Microsoft Visual Studio Solution File, Format Version 12.00
# Visual Studio 2013
VisualStudioVersion = 12.0.21005.1
MinimumVisualStudioVersion = 10.0.40219.1
Project("{FAE04EC0-301F-11D3-BF4B-00C04F79EFBC}") = "mouse", "mouse\mouse.csproj", "{C4F58E91-0101-4A72-92F0-C3C3C998A888}"
EndProject
Project("{FAE04EC0-301F-11D3-BF4B-00C04F79EFBC}") = "analyzingApp", "analyzingApp\analyzingApp.csproj", "{1990D92E-E88F-44E1-A3B5-34F81209E5DE}"
EndProject
Global
	GlobalSection(SolutionConfigurationPlatforms) = preSolution
		Debug|Any CPU = Debug|Any CPU
		Debug|Mixed Platforms = Debug|Mixed Platforms
		Debug|x86 = Debug|x86
		Release|Any CPU = Release|Any CPU
		Release|Mixed Platforms = Release|Mixed Platforms
		Release|x86 = Release|x86
	EndGlobalSection
	GlobalSection(ProjectConfigurationPlatforms) = postSolution
		{C4F58E91-0101-4A72-92F0-C3C3C998A888}.Debug|Any CPU.ActiveCfg = Debug|x86
		{C4F58E91-0101-4A72-92F0-C3C3C998A888}.Debug|Mixed Platforms.ActiveCfg = Debug|x86
		{C4F58E91-0101-4A72-92F0-C3C3C998A888}.Debug|Mixed Platforms.Build.0 = Debug|x86
		{C4F58E91-0101-4A72-92F0-C3C3C998A888}.Debug|x86.ActiveCfg = Debug|x86
		{C4F58E91-0101-4A72-92F0-C3C3C998A888}.Debug|x86.Build.0 = Debug|x86
		{C4F58E91-0101-4A72-92F0-C3C3C998A888}.Release|Any CPU.ActiveCfg = Release|x86
		{C4F58E91-0101-4A72-92F0-C3C3C998A888}.Release|Mixed Platforms.ActiveCfg = Release|x86
		{C4F58E91-0101-4A72-92F0-C3C3C998A888}.Release|Mixed Platforms.Build.0 = Release|x86
		{C4F58E91-0101-4A72-92F0-C3C3C998A888}.Release|x86.ActiveCfg = Release|x86
		{C4F58E91-0101-4A72-92F0-C3C3C998A888}.Release|x86.Build.0 = Release|x86
		{1990D92E-E88F-44E1-A3B5-34F81209E5DE}.Debug|Any CPU.ActiveCfg = Debug|Any CPU
		{1990D92E-E88F-44E1-A3B5-34F81209E5DE}.Debug|Any CPU.Build.0 = Debug|Any CPU
		{1990D92E-E88F-44E1-A3B5-34F81209E5DE}.Debug|Mixed Platforms.ActiveCfg = Debug|Any CPU
		{1990D92E-E88F-44E1-A3B5-34F81209E5DE}.Debug|Mixed Platforms.Build.0 = Debug|Any CPU
		{1990D92E-E88F-44E1-A3B5-34F81209E5DE}.Debug|x86.ActiveCfg = Debug|Any CPU
		{1990D92E-E88F-44E1-A3B5-34F81209E5DE}.Release|Any CPU.ActiveCfg = Release|Any CPU
		{1990D92E-E88F-44E1-A3B5-34F81209E5DE}.Release|Any CPU.Build.0 = Release|Any CPU
		{1990D92E-E88F-44E1-A3B5-34F81209E5DE}.Release|Mixed Platforms.ActiveCfg = Release|Any CPU
		{1990D92E-E88F-44E1-A3B5-34F81209E5DE}.Release|Mixed Platforms.Build.0 = Release|Any CPU
		{1990D92E-E88F-44E1-A3B5-34F81209E5DE}.Release|x86.ActiveCfg = Release|Any CPU
	EndGlobalSection
	GlobalSection(SolutionProperties) = preSolution
		HideSolutionNode = FALSE
	EndGlobalSection
EndGlobal
